
Microsoft Visual Studio Solution File, Format Version 12.00
# Visual Studio Version 16
VisualStudioVersion = 16.0.30611.23
MinimumVisualStudioVersion = 10.0.40219.1
Project("{888888A0-9F3D-457C-B088-3A5042F75D52}") = "EjercicioFichero3", "EjercicioFichero3.pyproj", "{AD962777-EFB2-469A-8953-BF2A2191C048}"
EndProject
Global
	GlobalSection(SolutionConfigurationPlatforms) = preSolution
		Debug|Any CPU = Debug|Any CPU
		Release|Any CPU = Release|Any CPU
	EndGlobalSection
	GlobalSection(ProjectConfigurationPlatforms) = postSolution
		{AD962777-EFB2-469A-8953-BF2A2191C048}.Debug|Any CPU.ActiveCfg = Debug|Any CPU
		{AD962777-EFB2-469A-8953-BF2A2191C048}.Release|Any CPU.ActiveCfg = Release|Any CPU
	EndGlobalSection
	GlobalSection(SolutionProperties) = preSolution
		HideSolutionNode = FALSE
	EndGlobalSection
	GlobalSection(ExtensibilityGlobals) = postSolution
		SolutionGuid = {DA8FC2F7-3578-4EF0-BB0A-A2B96C805626}
	EndGlobalSection
EndGlobal
