
Microsoft Visual Studio Solution File, Format Version 12.00
# Visual Studio Version 16
VisualStudioVersion = 16.0.29318.209
MinimumVisualStudioVersion = 10.0.40219.1
Project("{888888A0-9F3D-457C-B088-3A5042F75D52}") = "ejercicio 7", "ejercicio 7.pyproj", "{CEBFA10B-C06B-4E40-9736-FFDCD30B8F18}"
EndProject
Global
	GlobalSection(SolutionConfigurationPlatforms) = preSolution
		Debug|Any CPU = Debug|Any CPU
		Release|Any CPU = Release|Any CPU
	EndGlobalSection
	GlobalSection(ProjectConfigurationPlatforms) = postSolution
		{CEBFA10B-C06B-4E40-9736-FFDCD30B8F18}.Debug|Any CPU.ActiveCfg = Debug|Any CPU
		{CEBFA10B-C06B-4E40-9736-FFDCD30B8F18}.Release|Any CPU.ActiveCfg = Release|Any CPU
	EndGlobalSection
	GlobalSection(SolutionProperties) = preSolution
		HideSolutionNode = FALSE
	EndGlobalSection
	GlobalSection(ExtensibilityGlobals) = postSolution
		SolutionGuid = {DEE6C09F-AFAA-40F8-9D9F-0E80B5088C42}
	EndGlobalSection
EndGlobal
