
Microsoft Visual Studio Solution File, Format Version 12.00
# Visual Studio Version 16
VisualStudioVersion = 16.0.30611.23
MinimumVisualStudioVersion = 10.0.40219.1
Project("{888888A0-9F3D-457C-B088-3A5042F75D52}") = "Bisiesto", "Bisiesto.pyproj", "{0F49AFF5-875B-41C0-891F-9BF0A79E666C}"
EndProject
Global
	GlobalSection(SolutionConfigurationPlatforms) = preSolution
		Debug|Any CPU = Debug|Any CPU
		Release|Any CPU = Release|Any CPU
	EndGlobalSection
	GlobalSection(ProjectConfigurationPlatforms) = postSolution
		{0F49AFF5-875B-41C0-891F-9BF0A79E666C}.Debug|Any CPU.ActiveCfg = Debug|Any CPU
		{0F49AFF5-875B-41C0-891F-9BF0A79E666C}.Release|Any CPU.ActiveCfg = Release|Any CPU
	EndGlobalSection
	GlobalSection(SolutionProperties) = preSolution
		HideSolutionNode = FALSE
	EndGlobalSection
	GlobalSection(ExtensibilityGlobals) = postSolution
		SolutionGuid = {01FDD6DC-5DB0-4E4B-8EA7-89481EC702FD}
	EndGlobalSection
EndGlobal
