
Microsoft Visual Studio Solution File, Format Version 12.00
# Visual Studio Version 16
VisualStudioVersion = 16.0.29318.209
MinimumVisualStudioVersion = 10.0.40219.1
Project("{888888A0-9F3D-457C-B088-3A5042F75D52}") = "ejercicio 10", "ejercicio 10.pyproj", "{8F17C7E8-145C-49E1-A1F9-663F9D74A3E6}"
EndProject
Global
	GlobalSection(SolutionConfigurationPlatforms) = preSolution
		Debug|Any CPU = Debug|Any CPU
		Release|Any CPU = Release|Any CPU
	EndGlobalSection
	GlobalSection(ProjectConfigurationPlatforms) = postSolution
		{8F17C7E8-145C-49E1-A1F9-663F9D74A3E6}.Debug|Any CPU.ActiveCfg = Debug|Any CPU
		{8F17C7E8-145C-49E1-A1F9-663F9D74A3E6}.Release|Any CPU.ActiveCfg = Release|Any CPU
	EndGlobalSection
	GlobalSection(SolutionProperties) = preSolution
		HideSolutionNode = FALSE
	EndGlobalSection
	GlobalSection(ExtensibilityGlobals) = postSolution
		SolutionGuid = {7EDE17F3-7C48-4F32-8740-4A0EA2283402}
	EndGlobalSection
EndGlobal
