
Microsoft Visual Studio Solution File, Format Version 12.00
# Visual Studio Version 16
VisualStudioVersion = 16.0.29318.209
MinimumVisualStudioVersion = 10.0.40219.1
Project("{888888A0-9F3D-457C-B088-3A5042F75D52}") = "ejercicio 10", "ejercicio 10.pyproj", "{245CBE35-106D-4C62-8D32-D28B72680882}"
EndProject
Global
	GlobalSection(SolutionConfigurationPlatforms) = preSolution
		Debug|Any CPU = Debug|Any CPU
		Release|Any CPU = Release|Any CPU
	EndGlobalSection
	GlobalSection(ProjectConfigurationPlatforms) = postSolution
		{245CBE35-106D-4C62-8D32-D28B72680882}.Debug|Any CPU.ActiveCfg = Debug|Any CPU
		{245CBE35-106D-4C62-8D32-D28B72680882}.Release|Any CPU.ActiveCfg = Release|Any CPU
	EndGlobalSection
	GlobalSection(SolutionProperties) = preSolution
		HideSolutionNode = FALSE
	EndGlobalSection
	GlobalSection(ExtensibilityGlobals) = postSolution
		SolutionGuid = {9FF33077-A331-4BE9-A2CA-D63D32C91898}
	EndGlobalSection
EndGlobal
