
Microsoft Visual Studio Solution File, Format Version 12.00
# Visual Studio Version 16
VisualStudioVersion = 16.0.29318.209
MinimumVisualStudioVersion = 10.0.40219.1
Project("{888888A0-9F3D-457C-B088-3A5042F75D52}") = "ejercicio7", "ejercicio7.pyproj", "{68863A26-55FB-495D-93CC-F3A798FCDAD0}"
EndProject
Global
	GlobalSection(SolutionConfigurationPlatforms) = preSolution
		Debug|Any CPU = Debug|Any CPU
		Release|Any CPU = Release|Any CPU
	EndGlobalSection
	GlobalSection(ProjectConfigurationPlatforms) = postSolution
		{68863A26-55FB-495D-93CC-F3A798FCDAD0}.Debug|Any CPU.ActiveCfg = Debug|Any CPU
		{68863A26-55FB-495D-93CC-F3A798FCDAD0}.Release|Any CPU.ActiveCfg = Release|Any CPU
	EndGlobalSection
	GlobalSection(SolutionProperties) = preSolution
		HideSolutionNode = FALSE
	EndGlobalSection
	GlobalSection(ExtensibilityGlobals) = postSolution
		SolutionGuid = {D75CB9D4-0CA0-4201-8647-3C882E649800}
	EndGlobalSection
EndGlobal
