
Microsoft Visual Studio Solution File, Format Version 12.00
# Visual Studio Version 16
VisualStudioVersion = 16.0.29318.209
MinimumVisualStudioVersion = 10.0.40219.1
Project("{888888A0-9F3D-457C-B088-3A5042F75D52}") = "ejercicio11", "ejercicio11.pyproj", "{C10EFD62-CAB7-4D22-B38E-EBD5AF3569BF}"
EndProject
Global
	GlobalSection(SolutionConfigurationPlatforms) = preSolution
		Debug|Any CPU = Debug|Any CPU
		Release|Any CPU = Release|Any CPU
	EndGlobalSection
	GlobalSection(ProjectConfigurationPlatforms) = postSolution
		{C10EFD62-CAB7-4D22-B38E-EBD5AF3569BF}.Debug|Any CPU.ActiveCfg = Debug|Any CPU
		{C10EFD62-CAB7-4D22-B38E-EBD5AF3569BF}.Release|Any CPU.ActiveCfg = Release|Any CPU
	EndGlobalSection
	GlobalSection(SolutionProperties) = preSolution
		HideSolutionNode = FALSE
	EndGlobalSection
	GlobalSection(ExtensibilityGlobals) = postSolution
		SolutionGuid = {121C1684-B2DF-40F8-98AF-7979163AE5FE}
	EndGlobalSection
EndGlobal
