
Microsoft Visual Studio Solution File, Format Version 12.00
# Visual Studio Version 16
VisualStudioVersion = 16.0.29318.209
MinimumVisualStudioVersion = 10.0.40219.1
Project("{888888A0-9F3D-457C-B088-3A5042F75D52}") = "Aplicacion con ficheros", "Aplicacion con ficheros.pyproj", "{972281BE-B01A-409A-951C-181C4B974B65}"
EndProject
Global
	GlobalSection(SolutionConfigurationPlatforms) = preSolution
		Debug|Any CPU = Debug|Any CPU
		Release|Any CPU = Release|Any CPU
	EndGlobalSection
	GlobalSection(ProjectConfigurationPlatforms) = postSolution
		{972281BE-B01A-409A-951C-181C4B974B65}.Debug|Any CPU.ActiveCfg = Debug|Any CPU
		{972281BE-B01A-409A-951C-181C4B974B65}.Release|Any CPU.ActiveCfg = Release|Any CPU
	EndGlobalSection
	GlobalSection(SolutionProperties) = preSolution
		HideSolutionNode = FALSE
	EndGlobalSection
	GlobalSection(ExtensibilityGlobals) = postSolution
		SolutionGuid = {12259435-1424-4741-9E30-9FEE290D5494}
	EndGlobalSection
EndGlobal
