
Microsoft Visual Studio Solution File, Format Version 12.00
# Visual Studio Version 16
VisualStudioVersion = 16.0.29318.209
MinimumVisualStudioVersion = 10.0.40219.1
Project("{888888A0-9F3D-457C-B088-3A5042F75D52}") = "ejercicio 5", "ejercicio 5.pyproj", "{4F977A61-FF8E-4C72-83F4-3223BEC8EB2B}"
EndProject
Global
	GlobalSection(SolutionConfigurationPlatforms) = preSolution
		Debug|Any CPU = Debug|Any CPU
		Release|Any CPU = Release|Any CPU
	EndGlobalSection
	GlobalSection(ProjectConfigurationPlatforms) = postSolution
		{4F977A61-FF8E-4C72-83F4-3223BEC8EB2B}.Debug|Any CPU.ActiveCfg = Debug|Any CPU
		{4F977A61-FF8E-4C72-83F4-3223BEC8EB2B}.Release|Any CPU.ActiveCfg = Release|Any CPU
	EndGlobalSection
	GlobalSection(SolutionProperties) = preSolution
		HideSolutionNode = FALSE
	EndGlobalSection
	GlobalSection(ExtensibilityGlobals) = postSolution
		SolutionGuid = {90C7F62A-B118-4D62-AB53-1AEB9B0D63F5}
	EndGlobalSection
EndGlobal
