
Microsoft Visual Studio Solution File, Format Version 12.00
# Visual Studio Version 16
VisualStudioVersion = 16.0.29318.209
MinimumVisualStudioVersion = 10.0.40219.1
Project("{888888A0-9F3D-457C-B088-3A5042F75D52}") = "ejercicio5", "ejercicio5.pyproj", "{56B4951E-92E0-4B6C-ABA5-065EA34202E5}"
EndProject
Global
	GlobalSection(SolutionConfigurationPlatforms) = preSolution
		Debug|Any CPU = Debug|Any CPU
		Release|Any CPU = Release|Any CPU
	EndGlobalSection
	GlobalSection(ProjectConfigurationPlatforms) = postSolution
		{56B4951E-92E0-4B6C-ABA5-065EA34202E5}.Debug|Any CPU.ActiveCfg = Debug|Any CPU
		{56B4951E-92E0-4B6C-ABA5-065EA34202E5}.Release|Any CPU.ActiveCfg = Release|Any CPU
	EndGlobalSection
	GlobalSection(SolutionProperties) = preSolution
		HideSolutionNode = FALSE
	EndGlobalSection
	GlobalSection(ExtensibilityGlobals) = postSolution
		SolutionGuid = {1303AF7F-62DF-4442-84ED-64BE36850905}
	EndGlobalSection
EndGlobal
