
Microsoft Visual Studio Solution File, Format Version 12.00
# Visual Studio Version 16
VisualStudioVersion = 16.0.30611.23
MinimumVisualStudioVersion = 10.0.40219.1
Project("{888888A0-9F3D-457C-B088-3A5042F75D52}") = "ConversorMillasYLitros", "ConversorMillasYLitros.pyproj", "{C1954F82-AA97-4422-940F-D7A69F411198}"
EndProject
Global
	GlobalSection(SolutionConfigurationPlatforms) = preSolution
		Debug|Any CPU = Debug|Any CPU
		Release|Any CPU = Release|Any CPU
	EndGlobalSection
	GlobalSection(ProjectConfigurationPlatforms) = postSolution
		{C1954F82-AA97-4422-940F-D7A69F411198}.Debug|Any CPU.ActiveCfg = Debug|Any CPU
		{C1954F82-AA97-4422-940F-D7A69F411198}.Release|Any CPU.ActiveCfg = Release|Any CPU
	EndGlobalSection
	GlobalSection(SolutionProperties) = preSolution
		HideSolutionNode = FALSE
	EndGlobalSection
	GlobalSection(ExtensibilityGlobals) = postSolution
		SolutionGuid = {83CFAC36-D80E-4275-BE66-F2374DAEDB68}
	EndGlobalSection
EndGlobal
