
Microsoft Visual Studio Solution File, Format Version 12.00
# Visual Studio Version 16
VisualStudioVersion = 16.0.29318.209
MinimumVisualStudioVersion = 10.0.40219.1
Project("{888888A0-9F3D-457C-B088-3A5042F75D52}") = "ejercicio3", "ejercicio3.pyproj", "{E002EDAD-EC05-4590-9F7D-92B3F2D05187}"
EndProject
Global
	GlobalSection(SolutionConfigurationPlatforms) = preSolution
		Debug|Any CPU = Debug|Any CPU
		Release|Any CPU = Release|Any CPU
	EndGlobalSection
	GlobalSection(ProjectConfigurationPlatforms) = postSolution
		{E002EDAD-EC05-4590-9F7D-92B3F2D05187}.Debug|Any CPU.ActiveCfg = Debug|Any CPU
		{E002EDAD-EC05-4590-9F7D-92B3F2D05187}.Release|Any CPU.ActiveCfg = Release|Any CPU
	EndGlobalSection
	GlobalSection(SolutionProperties) = preSolution
		HideSolutionNode = FALSE
	EndGlobalSection
	GlobalSection(ExtensibilityGlobals) = postSolution
		SolutionGuid = {80E62DA8-A570-41FA-A3D2-D8DED0FBDF30}
	EndGlobalSection
EndGlobal
