
Microsoft Visual Studio Solution File, Format Version 12.00
# Visual Studio Version 16
VisualStudioVersion = 16.0.29318.209
MinimumVisualStudioVersion = 10.0.40219.1
Project("{888888A0-9F3D-457C-B088-3A5042F75D52}") = "ejercicio 9", "ejercicio 9.pyproj", "{DB070881-B07F-4209-9D1C-94DD408D5FF9}"
EndProject
Global
	GlobalSection(SolutionConfigurationPlatforms) = preSolution
		Debug|Any CPU = Debug|Any CPU
		Release|Any CPU = Release|Any CPU
	EndGlobalSection
	GlobalSection(ProjectConfigurationPlatforms) = postSolution
		{DB070881-B07F-4209-9D1C-94DD408D5FF9}.Debug|Any CPU.ActiveCfg = Debug|Any CPU
		{DB070881-B07F-4209-9D1C-94DD408D5FF9}.Release|Any CPU.ActiveCfg = Release|Any CPU
	EndGlobalSection
	GlobalSection(SolutionProperties) = preSolution
		HideSolutionNode = FALSE
	EndGlobalSection
	GlobalSection(ExtensibilityGlobals) = postSolution
		SolutionGuid = {A14104C7-EDBB-41D5-98E8-B0FAA4C58E90}
	EndGlobalSection
EndGlobal
