
Microsoft Visual Studio Solution File, Format Version 12.00
# Visual Studio Version 16
VisualStudioVersion = 16.0.29318.209
MinimumVisualStudioVersion = 10.0.40219.1
Project("{888888A0-9F3D-457C-B088-3A5042F75D52}") = "ejercicio 3", "ejercicio 3.pyproj", "{98C06A4D-4C89-4C93-8142-7FC89AC8D9C6}"
EndProject
Global
	GlobalSection(SolutionConfigurationPlatforms) = preSolution
		Debug|Any CPU = Debug|Any CPU
		Release|Any CPU = Release|Any CPU
	EndGlobalSection
	GlobalSection(ProjectConfigurationPlatforms) = postSolution
		{98C06A4D-4C89-4C93-8142-7FC89AC8D9C6}.Debug|Any CPU.ActiveCfg = Debug|Any CPU
		{98C06A4D-4C89-4C93-8142-7FC89AC8D9C6}.Release|Any CPU.ActiveCfg = Release|Any CPU
	EndGlobalSection
	GlobalSection(SolutionProperties) = preSolution
		HideSolutionNode = FALSE
	EndGlobalSection
	GlobalSection(ExtensibilityGlobals) = postSolution
		SolutionGuid = {26BCEE90-D266-4727-B262-890DB3F717A3}
	EndGlobalSection
EndGlobal
