
Microsoft Visual Studio Solution File, Format Version 12.00
# Visual Studio Version 16
VisualStudioVersion = 16.0.29318.209
MinimumVisualStudioVersion = 10.0.40219.1
Project("{888888A0-9F3D-457C-B088-3A5042F75D52}") = "ejercicio 1", "ejercicio 1.pyproj", "{2FA940D6-41B8-4CF5-A98E-4F257992835F}"
EndProject
Global
	GlobalSection(SolutionConfigurationPlatforms) = preSolution
		Debug|Any CPU = Debug|Any CPU
		Release|Any CPU = Release|Any CPU
	EndGlobalSection
	GlobalSection(ProjectConfigurationPlatforms) = postSolution
		{2FA940D6-41B8-4CF5-A98E-4F257992835F}.Debug|Any CPU.ActiveCfg = Debug|Any CPU
		{2FA940D6-41B8-4CF5-A98E-4F257992835F}.Release|Any CPU.ActiveCfg = Release|Any CPU
	EndGlobalSection
	GlobalSection(SolutionProperties) = preSolution
		HideSolutionNode = FALSE
	EndGlobalSection
	GlobalSection(ExtensibilityGlobals) = postSolution
		SolutionGuid = {687A01F4-2ECF-4CF1-891F-33DA46590138}
	EndGlobalSection
EndGlobal
