
Microsoft Visual Studio Solution File, Format Version 12.00
# Visual Studio Version 16
VisualStudioVersion = 16.0.29318.209
MinimumVisualStudioVersion = 10.0.40219.1
Project("{888888A0-9F3D-457C-B088-3A5042F75D52}") = "ejercicio14", "ejercicio14.pyproj", "{A973B80A-69AD-4C06-A9AE-AB0DCBE49D5D}"
EndProject
Global
	GlobalSection(SolutionConfigurationPlatforms) = preSolution
		Debug|Any CPU = Debug|Any CPU
		Release|Any CPU = Release|Any CPU
	EndGlobalSection
	GlobalSection(ProjectConfigurationPlatforms) = postSolution
		{A973B80A-69AD-4C06-A9AE-AB0DCBE49D5D}.Debug|Any CPU.ActiveCfg = Debug|Any CPU
		{A973B80A-69AD-4C06-A9AE-AB0DCBE49D5D}.Release|Any CPU.ActiveCfg = Release|Any CPU
	EndGlobalSection
	GlobalSection(SolutionProperties) = preSolution
		HideSolutionNode = FALSE
	EndGlobalSection
	GlobalSection(ExtensibilityGlobals) = postSolution
		SolutionGuid = {D7D82492-31D4-4974-B92C-873A85D89EE8}
	EndGlobalSection
EndGlobal
