
Microsoft Visual Studio Solution File, Format Version 12.00
# Visual Studio Version 16
VisualStudioVersion = 16.0.29318.209
MinimumVisualStudioVersion = 10.0.40219.1
Project("{888888A0-9F3D-457C-B088-3A5042F75D52}") = "ejercicio12", "ejercicio12.pyproj", "{E4FAFF86-D0C1-41BE-8204-72ABD9B3FE6F}"
EndProject
Global
	GlobalSection(SolutionConfigurationPlatforms) = preSolution
		Debug|Any CPU = Debug|Any CPU
		Release|Any CPU = Release|Any CPU
	EndGlobalSection
	GlobalSection(ProjectConfigurationPlatforms) = postSolution
		{E4FAFF86-D0C1-41BE-8204-72ABD9B3FE6F}.Debug|Any CPU.ActiveCfg = Debug|Any CPU
		{E4FAFF86-D0C1-41BE-8204-72ABD9B3FE6F}.Release|Any CPU.ActiveCfg = Release|Any CPU
	EndGlobalSection
	GlobalSection(SolutionProperties) = preSolution
		HideSolutionNode = FALSE
	EndGlobalSection
	GlobalSection(ExtensibilityGlobals) = postSolution
		SolutionGuid = {A5B1F3D7-5F80-46CF-A385-8B13D42A5D04}
	EndGlobalSection
EndGlobal
